
Microsoft Visual Studio Solution File, Format Version 12.00
# Visual Studio 2013
VisualStudioVersion = 12.0.31101.0
MinimumVisualStudioVersion = 10.0.40219.1
Project("{FAE04EC0-301F-11D3-BF4B-00C04F79EFBC}") = "ServerForMinibuses.Models", "ServerForMinibuses.Models\ServerForMinibuses.Models.csproj", "{67EC2DE5-0994-4E3A-B685-0E3423A8BC47}"
EndProject
Project("{FAE04EC0-301F-11D3-BF4B-00C04F79EFBC}") = "ServiceForMinibuses.Manager", "ServiceForMinibuses.Manager\ServiceForMinibuses.Manager.csproj", "{AFEE9FFA-A4BF-481F-8443-7F538B178E4D}"
EndProject
Project("{FAE04EC0-301F-11D3-BF4B-00C04F79EFBC}") = "ServiceForMinibuses.Manager.EntityFramework", "ServiceForMinibuses.Manager.EntityFramework\ServiceForMinibuses.Manager.EntityFramework.csproj", "{7851A005-25EE-4BD5-ABEB-0F6A33735BF3}"
EndProject
Project("{FAE04EC0-301F-11D3-BF4B-00C04F79EFBC}") = "ServiceForMinibuses.Web", "ServiceForMinibuses.Web\ServiceForMinibuses.Web.csproj", "{4884A70A-D372-4A94-AA06-234C902BA10B}"
EndProject
Project("{FAE04EC0-301F-11D3-BF4B-00C04F79EFBC}") = "ServiceForMinibuses.Manager.EntityFramework.Tests", "ServiceForMinibuses.Manager.EntityFramework.Tests\ServiceForMinibuses.Manager.EntityFramework.Tests.csproj", "{C5AB857C-5D0A-4E77-A9CE-934011A1D386}"
EndProject
Project("{FAE04EC0-301F-11D3-BF4B-00C04F79EFBC}") = "ServiceForMinibuses.Web.Tests", "ServiceForMinibuses.Web.Tests\ServiceForMinibuses.Web.Tests.csproj", "{51293A4E-5802-4FFF-B9C7-EEBB15EA7CB1}"
EndProject
Global
	GlobalSection(SolutionConfigurationPlatforms) = preSolution
		Debug|Any CPU = Debug|Any CPU
		Release|Any CPU = Release|Any CPU
	EndGlobalSection
	GlobalSection(ProjectConfigurationPlatforms) = postSolution
		{67EC2DE5-0994-4E3A-B685-0E3423A8BC47}.Debug|Any CPU.ActiveCfg = Debug|Any CPU
		{67EC2DE5-0994-4E3A-B685-0E3423A8BC47}.Debug|Any CPU.Build.0 = Debug|Any CPU
		{67EC2DE5-0994-4E3A-B685-0E3423A8BC47}.Release|Any CPU.ActiveCfg = Release|Any CPU
		{67EC2DE5-0994-4E3A-B685-0E3423A8BC47}.Release|Any CPU.Build.0 = Release|Any CPU
		{AFEE9FFA-A4BF-481F-8443-7F538B178E4D}.Debug|Any CPU.ActiveCfg = Debug|Any CPU
		{AFEE9FFA-A4BF-481F-8443-7F538B178E4D}.Debug|Any CPU.Build.0 = Debug|Any CPU
		{AFEE9FFA-A4BF-481F-8443-7F538B178E4D}.Release|Any CPU.ActiveCfg = Release|Any CPU
		{AFEE9FFA-A4BF-481F-8443-7F538B178E4D}.Release|Any CPU.Build.0 = Release|Any CPU
		{7851A005-25EE-4BD5-ABEB-0F6A33735BF3}.Debug|Any CPU.ActiveCfg = Debug|Any CPU
		{7851A005-25EE-4BD5-ABEB-0F6A33735BF3}.Debug|Any CPU.Build.0 = Debug|Any CPU
		{7851A005-25EE-4BD5-ABEB-0F6A33735BF3}.Release|Any CPU.ActiveCfg = Release|Any CPU
		{7851A005-25EE-4BD5-ABEB-0F6A33735BF3}.Release|Any CPU.Build.0 = Release|Any CPU
		{4884A70A-D372-4A94-AA06-234C902BA10B}.Debug|Any CPU.ActiveCfg = Debug|Any CPU
		{4884A70A-D372-4A94-AA06-234C902BA10B}.Debug|Any CPU.Build.0 = Debug|Any CPU
		{4884A70A-D372-4A94-AA06-234C902BA10B}.Release|Any CPU.ActiveCfg = Release|Any CPU
		{4884A70A-D372-4A94-AA06-234C902BA10B}.Release|Any CPU.Build.0 = Release|Any CPU
		{C5AB857C-5D0A-4E77-A9CE-934011A1D386}.Debug|Any CPU.ActiveCfg = Debug|Any CPU
		{C5AB857C-5D0A-4E77-A9CE-934011A1D386}.Debug|Any CPU.Build.0 = Debug|Any CPU
		{C5AB857C-5D0A-4E77-A9CE-934011A1D386}.Release|Any CPU.ActiveCfg = Release|Any CPU
		{C5AB857C-5D0A-4E77-A9CE-934011A1D386}.Release|Any CPU.Build.0 = Release|Any CPU
		{51293A4E-5802-4FFF-B9C7-EEBB15EA7CB1}.Debug|Any CPU.ActiveCfg = Debug|Any CPU
		{51293A4E-5802-4FFF-B9C7-EEBB15EA7CB1}.Debug|Any CPU.Build.0 = Debug|Any CPU
		{51293A4E-5802-4FFF-B9C7-EEBB15EA7CB1}.Release|Any CPU.ActiveCfg = Release|Any CPU
		{51293A4E-5802-4FFF-B9C7-EEBB15EA7CB1}.Release|Any CPU.Build.0 = Release|Any CPU
	EndGlobalSection
	GlobalSection(SolutionProperties) = preSolution
		HideSolutionNode = FALSE
	EndGlobalSection
EndGlobal
